
Microsoft Visual Studio Solution File, Format Version 12.00
# Visual Studio Version 17
VisualStudioVersion = 17.2.32519.379
MinimumVisualStudioVersion = 10.0.40219.1
Project("{8BC9CEB8-8B4A-11D0-8D11-00A0C91BC942}") = "SE5", "SE5\SE5.vcxproj", "{5843013B-6821-44B0-9080-2AA86AB17160}"
EndProject
Global
	GlobalSection(SolutionConfigurationPlatforms) = preSolution
		Debug|x64 = Debug|x64
		Debug|x86 = Debug|x86
		Release|x64 = Release|x64
		Release|x86 = Release|x86
	EndGlobalSection
	GlobalSection(ProjectConfigurationPlatforms) = postSolution
		{5843013B-6821-44B0-9080-2AA86AB17160}.Debug|x64.ActiveCfg = Debug|x64
		{5843013B-6821-44B0-9080-2AA86AB17160}.Debug|x64.Build.0 = Debug|x64
		{5843013B-6821-44B0-9080-2AA86AB17160}.Debug|x86.ActiveCfg = Debug|Win32
		{5843013B-6821-44B0-9080-2AA86AB17160}.Debug|x86.Build.0 = Debug|Win32
		{5843013B-6821-44B0-9080-2AA86AB17160}.Release|x64.ActiveCfg = Release|x64
		{5843013B-6821-44B0-9080-2AA86AB17160}.Release|x64.Build.0 = Release|x64
		{5843013B-6821-44B0-9080-2AA86AB17160}.Release|x86.ActiveCfg = Release|Win32
		{5843013B-6821-44B0-9080-2AA86AB17160}.Release|x86.Build.0 = Release|Win32
	EndGlobalSection
	GlobalSection(SolutionProperties) = preSolution
		HideSolutionNode = FALSE
	EndGlobalSection
	GlobalSection(ExtensibilityGlobals) = postSolution
		SolutionGuid = {35B6829D-DFBF-4203-BCA8-0E2561A4EA97}
	EndGlobalSection
EndGlobal
